
Microsoft Visual Studio Solution File, Format Version 12.00
# Visual Studio 14
VisualStudioVersion = 14.0.23107.0
MinimumVisualStudioVersion = 10.0.40219.1
Project("{262852C6-CD72-467D-83FE-5EEB1973A190}") = "SafeMotionCordova", "SafeMotionCordova\SafeMotionCordova.jsproj", "{B5D9C9E6-A3C1-4929-972F-A683096FF6B6}"
EndProject
Project("{FAE04EC0-301F-11D3-BF4B-00C04F79EFBC}") = "SafeMotionWeb", "SafeMotionWeb\SafeMotionWeb.csproj", "{16E58AEC-749D-45A4-8585-5FB6CB128128}"
EndProject
Project("{FAE04EC0-301F-11D3-BF4B-00C04F79EFBC}") = "SafeMotionOData", "SafeMotionOData\SafeMotionOData.csproj", "{A7AE37E1-A0EC-4A9F-AC5B-84ADC7669EFE}"
EndProject
Project("{FAE04EC0-301F-11D3-BF4B-00C04F79EFBC}") = "SafeMotionOData.Tests", "SafeMotionOData.Tests\SafeMotionOData.Tests.csproj", "{86226542-9356-4F8A-8D77-42300803E9EC}"
EndProject
Global
	GlobalSection(SolutionConfigurationPlatforms) = preSolution
		Debug|Android = Debug|Android
		Debug|Any CPU = Debug|Any CPU
		Debug|ARM = Debug|ARM
		Debug|iOS = Debug|iOS
		Debug|Windows Phone (Universal) = Debug|Windows Phone (Universal)
		Debug|Windows Phone 8 = Debug|Windows Phone 8
		Debug|Windows-AnyCPU = Debug|Windows-AnyCPU
		Debug|Windows-ARM = Debug|Windows-ARM
		Debug|Windows-x64 = Debug|Windows-x64
		Debug|Windows-x86 = Debug|Windows-x86
		Debug|x64 = Debug|x64
		Debug|x86 = Debug|x86
		Release|Android = Release|Android
		Release|Any CPU = Release|Any CPU
		Release|ARM = Release|ARM
		Release|iOS = Release|iOS
		Release|Windows Phone (Universal) = Release|Windows Phone (Universal)
		Release|Windows Phone 8 = Release|Windows Phone 8
		Release|Windows-AnyCPU = Release|Windows-AnyCPU
		Release|Windows-ARM = Release|Windows-ARM
		Release|Windows-x64 = Release|Windows-x64
		Release|Windows-x86 = Release|Windows-x86
		Release|x64 = Release|x64
		Release|x86 = Release|x86
	EndGlobalSection
	GlobalSection(ProjectConfigurationPlatforms) = postSolution
		{B5D9C9E6-A3C1-4929-972F-A683096FF6B6}.Debug|Android.ActiveCfg = Debug|Android
		{B5D9C9E6-A3C1-4929-972F-A683096FF6B6}.Debug|Android.Build.0 = Debug|Android
		{B5D9C9E6-A3C1-4929-972F-A683096FF6B6}.Debug|Android.Deploy.0 = Debug|Android
		{B5D9C9E6-A3C1-4929-972F-A683096FF6B6}.Debug|Any CPU.ActiveCfg = Debug|Android
		{B5D9C9E6-A3C1-4929-972F-A683096FF6B6}.Debug|ARM.ActiveCfg = Debug|Windows-ARM
		{B5D9C9E6-A3C1-4929-972F-A683096FF6B6}.Debug|iOS.ActiveCfg = Debug|iOS
		{B5D9C9E6-A3C1-4929-972F-A683096FF6B6}.Debug|iOS.Build.0 = Debug|iOS
		{B5D9C9E6-A3C1-4929-972F-A683096FF6B6}.Debug|iOS.Deploy.0 = Debug|iOS
		{B5D9C9E6-A3C1-4929-972F-A683096FF6B6}.Debug|Windows Phone (Universal).ActiveCfg = Debug|Windows Phone (Universal)
		{B5D9C9E6-A3C1-4929-972F-A683096FF6B6}.Debug|Windows Phone (Universal).Build.0 = Debug|Windows Phone (Universal)
		{B5D9C9E6-A3C1-4929-972F-A683096FF6B6}.Debug|Windows Phone (Universal).Deploy.0 = Debug|Windows Phone (Universal)
		{B5D9C9E6-A3C1-4929-972F-A683096FF6B6}.Debug|Windows Phone 8.ActiveCfg = Debug|Windows Phone 8
		{B5D9C9E6-A3C1-4929-972F-A683096FF6B6}.Debug|Windows Phone 8.Build.0 = Debug|Windows Phone 8
		{B5D9C9E6-A3C1-4929-972F-A683096FF6B6}.Debug|Windows Phone 8.Deploy.0 = Debug|Windows Phone 8
		{B5D9C9E6-A3C1-4929-972F-A683096FF6B6}.Debug|Windows-AnyCPU.ActiveCfg = Debug|Windows-AnyCPU
		{B5D9C9E6-A3C1-4929-972F-A683096FF6B6}.Debug|Windows-AnyCPU.Build.0 = Debug|Windows-AnyCPU
		{B5D9C9E6-A3C1-4929-972F-A683096FF6B6}.Debug|Windows-AnyCPU.Deploy.0 = Debug|Windows-AnyCPU
		{B5D9C9E6-A3C1-4929-972F-A683096FF6B6}.Debug|Windows-ARM.ActiveCfg = Debug|Windows-ARM
		{B5D9C9E6-A3C1-4929-972F-A683096FF6B6}.Debug|Windows-ARM.Build.0 = Debug|Windows-ARM
		{B5D9C9E6-A3C1-4929-972F-A683096FF6B6}.Debug|Windows-ARM.Deploy.0 = Debug|Windows-ARM
		{B5D9C9E6-A3C1-4929-972F-A683096FF6B6}.Debug|Windows-x64.ActiveCfg = Debug|Windows-x64
		{B5D9C9E6-A3C1-4929-972F-A683096FF6B6}.Debug|Windows-x64.Build.0 = Debug|Windows-x64
		{B5D9C9E6-A3C1-4929-972F-A683096FF6B6}.Debug|Windows-x64.Deploy.0 = Debug|Windows-x64
		{B5D9C9E6-A3C1-4929-972F-A683096FF6B6}.Debug|Windows-x86.ActiveCfg = Debug|Windows-x86
		{B5D9C9E6-A3C1-4929-972F-A683096FF6B6}.Debug|Windows-x86.Build.0 = Debug|Windows-x86
		{B5D9C9E6-A3C1-4929-972F-A683096FF6B6}.Debug|Windows-x86.Deploy.0 = Debug|Windows-x86
		{B5D9C9E6-A3C1-4929-972F-A683096FF6B6}.Debug|x64.ActiveCfg = Debug|Windows-x64
		{B5D9C9E6-A3C1-4929-972F-A683096FF6B6}.Debug|x86.ActiveCfg = Debug|Windows-x86
		{B5D9C9E6-A3C1-4929-972F-A683096FF6B6}.Release|Android.ActiveCfg = Release|Android
		{B5D9C9E6-A3C1-4929-972F-A683096FF6B6}.Release|Android.Build.0 = Release|Android
		{B5D9C9E6-A3C1-4929-972F-A683096FF6B6}.Release|Android.Deploy.0 = Release|Android
		{B5D9C9E6-A3C1-4929-972F-A683096FF6B6}.Release|Any CPU.ActiveCfg = Release|Android
		{B5D9C9E6-A3C1-4929-972F-A683096FF6B6}.Release|ARM.ActiveCfg = Release|Windows-ARM
		{B5D9C9E6-A3C1-4929-972F-A683096FF6B6}.Release|iOS.ActiveCfg = Release|iOS
		{B5D9C9E6-A3C1-4929-972F-A683096FF6B6}.Release|iOS.Build.0 = Release|iOS
		{B5D9C9E6-A3C1-4929-972F-A683096FF6B6}.Release|iOS.Deploy.0 = Release|iOS
		{B5D9C9E6-A3C1-4929-972F-A683096FF6B6}.Release|Windows Phone (Universal).ActiveCfg = Release|Windows Phone (Universal)
		{B5D9C9E6-A3C1-4929-972F-A683096FF6B6}.Release|Windows Phone (Universal).Build.0 = Release|Windows Phone (Universal)
		{B5D9C9E6-A3C1-4929-972F-A683096FF6B6}.Release|Windows Phone (Universal).Deploy.0 = Release|Windows Phone (Universal)
		{B5D9C9E6-A3C1-4929-972F-A683096FF6B6}.Release|Windows Phone 8.ActiveCfg = Release|Windows Phone 8
		{B5D9C9E6-A3C1-4929-972F-A683096FF6B6}.Release|Windows Phone 8.Build.0 = Release|Windows Phone 8
		{B5D9C9E6-A3C1-4929-972F-A683096FF6B6}.Release|Windows Phone 8.Deploy.0 = Release|Windows Phone 8
		{B5D9C9E6-A3C1-4929-972F-A683096FF6B6}.Release|Windows-AnyCPU.ActiveCfg = Release|Windows-AnyCPU
		{B5D9C9E6-A3C1-4929-972F-A683096FF6B6}.Release|Windows-AnyCPU.Build.0 = Release|Windows-AnyCPU
		{B5D9C9E6-A3C1-4929-972F-A683096FF6B6}.Release|Windows-AnyCPU.Deploy.0 = Release|Windows-AnyCPU
		{B5D9C9E6-A3C1-4929-972F-A683096FF6B6}.Release|Windows-ARM.ActiveCfg = Release|Windows-ARM
		{B5D9C9E6-A3C1-4929-972F-A683096FF6B6}.Release|Windows-ARM.Build.0 = Release|Windows-ARM
		{B5D9C9E6-A3C1-4929-972F-A683096FF6B6}.Release|Windows-ARM.Deploy.0 = Release|Windows-ARM
		{B5D9C9E6-A3C1-4929-972F-A683096FF6B6}.Release|Windows-x64.ActiveCfg = Release|Windows-x64
		{B5D9C9E6-A3C1-4929-972F-A683096FF6B6}.Release|Windows-x64.Build.0 = Release|Windows-x64
		{B5D9C9E6-A3C1-4929-972F-A683096FF6B6}.Release|Windows-x64.Deploy.0 = Release|Windows-x64
		{B5D9C9E6-A3C1-4929-972F-A683096FF6B6}.Release|Windows-x86.ActiveCfg = Release|Windows-x86
		{B5D9C9E6-A3C1-4929-972F-A683096FF6B6}.Release|Windows-x86.Build.0 = Release|Windows-x86
		{B5D9C9E6-A3C1-4929-972F-A683096FF6B6}.Release|Windows-x86.Deploy.0 = Release|Windows-x86
		{B5D9C9E6-A3C1-4929-972F-A683096FF6B6}.Release|x64.ActiveCfg = Release|Windows-x64
		{B5D9C9E6-A3C1-4929-972F-A683096FF6B6}.Release|x86.ActiveCfg = Release|Windows-x86
		{16E58AEC-749D-45A4-8585-5FB6CB128128}.Debug|Android.ActiveCfg = Debug|Any CPU
		{16E58AEC-749D-45A4-8585-5FB6CB128128}.Debug|Android.Build.0 = Debug|Any CPU
		{16E58AEC-749D-45A4-8585-5FB6CB128128}.Debug|Any CPU.ActiveCfg = Debug|Any CPU
		{16E58AEC-749D-45A4-8585-5FB6CB128128}.Debug|Any CPU.Build.0 = Debug|Any CPU
		{16E58AEC-749D-45A4-8585-5FB6CB128128}.Debug|ARM.ActiveCfg = Debug|Any CPU
		{16E58AEC-749D-45A4-8585-5FB6CB128128}.Debug|ARM.Build.0 = Debug|Any CPU
		{16E58AEC-749D-45A4-8585-5FB6CB128128}.Debug|iOS.ActiveCfg = Debug|Any CPU
		{16E58AEC-749D-45A4-8585-5FB6CB128128}.Debug|iOS.Build.0 = Debug|Any CPU
		{16E58AEC-749D-45A4-8585-5FB6CB128128}.Debug|Windows Phone (Universal).ActiveCfg = Debug|Any CPU
		{16E58AEC-749D-45A4-8585-5FB6CB128128}.Debug|Windows Phone (Universal).Build.0 = Debug|Any CPU
		{16E58AEC-749D-45A4-8585-5FB6CB128128}.Debug|Windows Phone 8.ActiveCfg = Debug|Any CPU
		{16E58AEC-749D-45A4-8585-5FB6CB128128}.Debug|Windows Phone 8.Build.0 = Debug|Any CPU
		{16E58AEC-749D-45A4-8585-5FB6CB128128}.Debug|Windows-AnyCPU.ActiveCfg = Debug|Any CPU
		{16E58AEC-749D-45A4-8585-5FB6CB128128}.Debug|Windows-AnyCPU.Build.0 = Debug|Any CPU
		{16E58AEC-749D-45A4-8585-5FB6CB128128}.Debug|Windows-ARM.ActiveCfg = Debug|Any CPU
		{16E58AEC-749D-45A4-8585-5FB6CB128128}.Debug|Windows-ARM.Build.0 = Debug|Any CPU
		{16E58AEC-749D-45A4-8585-5FB6CB128128}.Debug|Windows-x64.ActiveCfg = Debug|Any CPU
		{16E58AEC-749D-45A4-8585-5FB6CB128128}.Debug|Windows-x64.Build.0 = Debug|Any CPU
		{16E58AEC-749D-45A4-8585-5FB6CB128128}.Debug|Windows-x86.ActiveCfg = Debug|Any CPU
		{16E58AEC-749D-45A4-8585-5FB6CB128128}.Debug|Windows-x86.Build.0 = Debug|Any CPU
		{16E58AEC-749D-45A4-8585-5FB6CB128128}.Debug|x64.ActiveCfg = Debug|Any CPU
		{16E58AEC-749D-45A4-8585-5FB6CB128128}.Debug|x64.Build.0 = Debug|Any CPU
		{16E58AEC-749D-45A4-8585-5FB6CB128128}.Debug|x86.ActiveCfg = Debug|Any CPU
		{16E58AEC-749D-45A4-8585-5FB6CB128128}.Debug|x86.Build.0 = Debug|Any CPU
		{16E58AEC-749D-45A4-8585-5FB6CB128128}.Release|Android.ActiveCfg = Release|Any CPU
		{16E58AEC-749D-45A4-8585-5FB6CB128128}.Release|Android.Build.0 = Release|Any CPU
		{16E58AEC-749D-45A4-8585-5FB6CB128128}.Release|Any CPU.ActiveCfg = Release|Any CPU
		{16E58AEC-749D-45A4-8585-5FB6CB128128}.Release|Any CPU.Build.0 = Release|Any CPU
		{16E58AEC-749D-45A4-8585-5FB6CB128128}.Release|ARM.ActiveCfg = Release|Any CPU
		{16E58AEC-749D-45A4-8585-5FB6CB128128}.Release|ARM.Build.0 = Release|Any CPU
		{16E58AEC-749D-45A4-8585-5FB6CB128128}.Release|iOS.ActiveCfg = Release|Any CPU
		{16E58AEC-749D-45A4-8585-5FB6CB128128}.Release|iOS.Build.0 = Release|Any CPU
		{16E58AEC-749D-45A4-8585-5FB6CB128128}.Release|Windows Phone (Universal).ActiveCfg = Release|Any CPU
		{16E58AEC-749D-45A4-8585-5FB6CB128128}.Release|Windows Phone (Universal).Build.0 = Release|Any CPU
		{16E58AEC-749D-45A4-8585-5FB6CB128128}.Release|Windows Phone 8.ActiveCfg = Release|Any CPU
		{16E58AEC-749D-45A4-8585-5FB6CB128128}.Release|Windows Phone 8.Build.0 = Release|Any CPU
		{16E58AEC-749D-45A4-8585-5FB6CB128128}.Release|Windows-AnyCPU.ActiveCfg = Release|Any CPU
		{16E58AEC-749D-45A4-8585-5FB6CB128128}.Release|Windows-AnyCPU.Build.0 = Release|Any CPU
		{16E58AEC-749D-45A4-8585-5FB6CB128128}.Release|Windows-ARM.ActiveCfg = Release|Any CPU
		{16E58AEC-749D-45A4-8585-5FB6CB128128}.Release|Windows-ARM.Build.0 = Release|Any CPU
		{16E58AEC-749D-45A4-8585-5FB6CB128128}.Release|Windows-x64.ActiveCfg = Release|Any CPU
		{16E58AEC-749D-45A4-8585-5FB6CB128128}.Release|Windows-x64.Build.0 = Release|Any CPU
		{16E58AEC-749D-45A4-8585-5FB6CB128128}.Release|Windows-x86.ActiveCfg = Release|Any CPU
		{16E58AEC-749D-45A4-8585-5FB6CB128128}.Release|Windows-x86.Build.0 = Release|Any CPU
		{16E58AEC-749D-45A4-8585-5FB6CB128128}.Release|x64.ActiveCfg = Release|Any CPU
		{16E58AEC-749D-45A4-8585-5FB6CB128128}.Release|x64.Build.0 = Release|Any CPU
		{16E58AEC-749D-45A4-8585-5FB6CB128128}.Release|x86.ActiveCfg = Release|Any CPU
		{16E58AEC-749D-45A4-8585-5FB6CB128128}.Release|x86.Build.0 = Release|Any CPU
		{A7AE37E1-A0EC-4A9F-AC5B-84ADC7669EFE}.Debug|Android.ActiveCfg = Debug|Any CPU
		{A7AE37E1-A0EC-4A9F-AC5B-84ADC7669EFE}.Debug|Android.Build.0 = Debug|Any CPU
		{A7AE37E1-A0EC-4A9F-AC5B-84ADC7669EFE}.Debug|Any CPU.ActiveCfg = Debug|Any CPU
		{A7AE37E1-A0EC-4A9F-AC5B-84ADC7669EFE}.Debug|Any CPU.Build.0 = Debug|Any CPU
		{A7AE37E1-A0EC-4A9F-AC5B-84ADC7669EFE}.Debug|ARM.ActiveCfg = Debug|Any CPU
		{A7AE37E1-A0EC-4A9F-AC5B-84ADC7669EFE}.Debug|ARM.Build.0 = Debug|Any CPU
		{A7AE37E1-A0EC-4A9F-AC5B-84ADC7669EFE}.Debug|iOS.ActiveCfg = Debug|Any CPU
		{A7AE37E1-A0EC-4A9F-AC5B-84ADC7669EFE}.Debug|iOS.Build.0 = Debug|Any CPU
		{A7AE37E1-A0EC-4A9F-AC5B-84ADC7669EFE}.Debug|Windows Phone (Universal).ActiveCfg = Debug|Any CPU
		{A7AE37E1-A0EC-4A9F-AC5B-84ADC7669EFE}.Debug|Windows Phone (Universal).Build.0 = Debug|Any CPU
		{A7AE37E1-A0EC-4A9F-AC5B-84ADC7669EFE}.Debug|Windows Phone 8.ActiveCfg = Debug|Any CPU
		{A7AE37E1-A0EC-4A9F-AC5B-84ADC7669EFE}.Debug|Windows Phone 8.Build.0 = Debug|Any CPU
		{A7AE37E1-A0EC-4A9F-AC5B-84ADC7669EFE}.Debug|Windows-AnyCPU.ActiveCfg = Debug|Any CPU
		{A7AE37E1-A0EC-4A9F-AC5B-84ADC7669EFE}.Debug|Windows-AnyCPU.Build.0 = Debug|Any CPU
		{A7AE37E1-A0EC-4A9F-AC5B-84ADC7669EFE}.Debug|Windows-ARM.ActiveCfg = Debug|Any CPU
		{A7AE37E1-A0EC-4A9F-AC5B-84ADC7669EFE}.Debug|Windows-ARM.Build.0 = Debug|Any CPU
		{A7AE37E1-A0EC-4A9F-AC5B-84ADC7669EFE}.Debug|Windows-x64.ActiveCfg = Debug|Any CPU
		{A7AE37E1-A0EC-4A9F-AC5B-84ADC7669EFE}.Debug|Windows-x64.Build.0 = Debug|Any CPU
		{A7AE37E1-A0EC-4A9F-AC5B-84ADC7669EFE}.Debug|Windows-x86.ActiveCfg = Debug|Any CPU
		{A7AE37E1-A0EC-4A9F-AC5B-84ADC7669EFE}.Debug|Windows-x86.Build.0 = Debug|Any CPU
		{A7AE37E1-A0EC-4A9F-AC5B-84ADC7669EFE}.Debug|x64.ActiveCfg = Debug|Any CPU
		{A7AE37E1-A0EC-4A9F-AC5B-84ADC7669EFE}.Debug|x64.Build.0 = Debug|Any CPU
		{A7AE37E1-A0EC-4A9F-AC5B-84ADC7669EFE}.Debug|x86.ActiveCfg = Debug|Any CPU
		{A7AE37E1-A0EC-4A9F-AC5B-84ADC7669EFE}.Debug|x86.Build.0 = Debug|Any CPU
		{A7AE37E1-A0EC-4A9F-AC5B-84ADC7669EFE}.Release|Android.ActiveCfg = Release|Any CPU
		{A7AE37E1-A0EC-4A9F-AC5B-84ADC7669EFE}.Release|Android.Build.0 = Release|Any CPU
		{A7AE37E1-A0EC-4A9F-AC5B-84ADC7669EFE}.Release|Any CPU.ActiveCfg = Release|Any CPU
		{A7AE37E1-A0EC-4A9F-AC5B-84ADC7669EFE}.Release|Any CPU.Build.0 = Release|Any CPU
		{A7AE37E1-A0EC-4A9F-AC5B-84ADC7669EFE}.Release|ARM.ActiveCfg = Release|Any CPU
		{A7AE37E1-A0EC-4A9F-AC5B-84ADC7669EFE}.Release|ARM.Build.0 = Release|Any CPU
		{A7AE37E1-A0EC-4A9F-AC5B-84ADC7669EFE}.Release|iOS.ActiveCfg = Release|Any CPU
		{A7AE37E1-A0EC-4A9F-AC5B-84ADC7669EFE}.Release|iOS.Build.0 = Release|Any CPU
		{A7AE37E1-A0EC-4A9F-AC5B-84ADC7669EFE}.Release|Windows Phone (Universal).ActiveCfg = Release|Any CPU
		{A7AE37E1-A0EC-4A9F-AC5B-84ADC7669EFE}.Release|Windows Phone (Universal).Build.0 = Release|Any CPU
		{A7AE37E1-A0EC-4A9F-AC5B-84ADC7669EFE}.Release|Windows Phone 8.ActiveCfg = Release|Any CPU
		{A7AE37E1-A0EC-4A9F-AC5B-84ADC7669EFE}.Release|Windows Phone 8.Build.0 = Release|Any CPU
		{A7AE37E1-A0EC-4A9F-AC5B-84ADC7669EFE}.Release|Windows-AnyCPU.ActiveCfg = Release|Any CPU
		{A7AE37E1-A0EC-4A9F-AC5B-84ADC7669EFE}.Release|Windows-AnyCPU.Build.0 = Release|Any CPU
		{A7AE37E1-A0EC-4A9F-AC5B-84ADC7669EFE}.Release|Windows-ARM.ActiveCfg = Release|Any CPU
		{A7AE37E1-A0EC-4A9F-AC5B-84ADC7669EFE}.Release|Windows-ARM.Build.0 = Release|Any CPU
		{A7AE37E1-A0EC-4A9F-AC5B-84ADC7669EFE}.Release|Windows-x64.ActiveCfg = Release|Any CPU
		{A7AE37E1-A0EC-4A9F-AC5B-84ADC7669EFE}.Release|Windows-x64.Build.0 = Release|Any CPU
		{A7AE37E1-A0EC-4A9F-AC5B-84ADC7669EFE}.Release|Windows-x86.ActiveCfg = Release|Any CPU
		{A7AE37E1-A0EC-4A9F-AC5B-84ADC7669EFE}.Release|Windows-x86.Build.0 = Release|Any CPU
		{A7AE37E1-A0EC-4A9F-AC5B-84ADC7669EFE}.Release|x64.ActiveCfg = Release|Any CPU
		{A7AE37E1-A0EC-4A9F-AC5B-84ADC7669EFE}.Release|x64.Build.0 = Release|Any CPU
		{A7AE37E1-A0EC-4A9F-AC5B-84ADC7669EFE}.Release|x86.ActiveCfg = Release|Any CPU
		{A7AE37E1-A0EC-4A9F-AC5B-84ADC7669EFE}.Release|x86.Build.0 = Release|Any CPU
		{86226542-9356-4F8A-8D77-42300803E9EC}.Debug|Android.ActiveCfg = Debug|Any CPU
		{86226542-9356-4F8A-8D77-42300803E9EC}.Debug|Android.Build.0 = Debug|Any CPU
		{86226542-9356-4F8A-8D77-42300803E9EC}.Debug|Any CPU.ActiveCfg = Debug|Any CPU
		{86226542-9356-4F8A-8D77-42300803E9EC}.Debug|Any CPU.Build.0 = Debug|Any CPU
		{86226542-9356-4F8A-8D77-42300803E9EC}.Debug|ARM.ActiveCfg = Debug|Any CPU
		{86226542-9356-4F8A-8D77-42300803E9EC}.Debug|ARM.Build.0 = Debug|Any CPU
		{86226542-9356-4F8A-8D77-42300803E9EC}.Debug|iOS.ActiveCfg = Debug|Any CPU
		{86226542-9356-4F8A-8D77-42300803E9EC}.Debug|iOS.Build.0 = Debug|Any CPU
		{86226542-9356-4F8A-8D77-42300803E9EC}.Debug|Windows Phone (Universal).ActiveCfg = Debug|Any CPU
		{86226542-9356-4F8A-8D77-42300803E9EC}.Debug|Windows Phone (Universal).Build.0 = Debug|Any CPU
		{86226542-9356-4F8A-8D77-42300803E9EC}.Debug|Windows Phone 8.ActiveCfg = Debug|Any CPU
		{86226542-9356-4F8A-8D77-42300803E9EC}.Debug|Windows Phone 8.Build.0 = Debug|Any CPU
		{86226542-9356-4F8A-8D77-42300803E9EC}.Debug|Windows-AnyCPU.ActiveCfg = Debug|Any CPU
		{86226542-9356-4F8A-8D77-42300803E9EC}.Debug|Windows-AnyCPU.Build.0 = Debug|Any CPU
		{86226542-9356-4F8A-8D77-42300803E9EC}.Debug|Windows-ARM.ActiveCfg = Debug|Any CPU
		{86226542-9356-4F8A-8D77-42300803E9EC}.Debug|Windows-ARM.Build.0 = Debug|Any CPU
		{86226542-9356-4F8A-8D77-42300803E9EC}.Debug|Windows-x64.ActiveCfg = Debug|Any CPU
		{86226542-9356-4F8A-8D77-42300803E9EC}.Debug|Windows-x64.Build.0 = Debug|Any CPU
		{86226542-9356-4F8A-8D77-42300803E9EC}.Debug|Windows-x86.ActiveCfg = Debug|Any CPU
		{86226542-9356-4F8A-8D77-42300803E9EC}.Debug|Windows-x86.Build.0 = Debug|Any CPU
		{86226542-9356-4F8A-8D77-42300803E9EC}.Debug|x64.ActiveCfg = Debug|Any CPU
		{86226542-9356-4F8A-8D77-42300803E9EC}.Debug|x64.Build.0 = Debug|Any CPU
		{86226542-9356-4F8A-8D77-42300803E9EC}.Debug|x86.ActiveCfg = Debug|Any CPU
		{86226542-9356-4F8A-8D77-42300803E9EC}.Debug|x86.Build.0 = Debug|Any CPU
		{86226542-9356-4F8A-8D77-42300803E9EC}.Release|Android.ActiveCfg = Release|Any CPU
		{86226542-9356-4F8A-8D77-42300803E9EC}.Release|Android.Build.0 = Release|Any CPU
		{86226542-9356-4F8A-8D77-42300803E9EC}.Release|Any CPU.ActiveCfg = Release|Any CPU
		{86226542-9356-4F8A-8D77-42300803E9EC}.Release|Any CPU.Build.0 = Release|Any CPU
		{86226542-9356-4F8A-8D77-42300803E9EC}.Release|ARM.ActiveCfg = Release|Any CPU
		{86226542-9356-4F8A-8D77-42300803E9EC}.Release|ARM.Build.0 = Release|Any CPU
		{86226542-9356-4F8A-8D77-42300803E9EC}.Release|iOS.ActiveCfg = Release|Any CPU
		{86226542-9356-4F8A-8D77-42300803E9EC}.Release|iOS.Build.0 = Release|Any CPU
		{86226542-9356-4F8A-8D77-42300803E9EC}.Release|Windows Phone (Universal).ActiveCfg = Release|Any CPU
		{86226542-9356-4F8A-8D77-42300803E9EC}.Release|Windows Phone (Universal).Build.0 = Release|Any CPU
		{86226542-9356-4F8A-8D77-42300803E9EC}.Release|Windows Phone 8.ActiveCfg = Release|Any CPU
		{86226542-9356-4F8A-8D77-42300803E9EC}.Release|Windows Phone 8.Build.0 = Release|Any CPU
		{86226542-9356-4F8A-8D77-42300803E9EC}.Release|Windows-AnyCPU.ActiveCfg = Release|Any CPU
		{86226542-9356-4F8A-8D77-42300803E9EC}.Release|Windows-AnyCPU.Build.0 = Release|Any CPU
		{86226542-9356-4F8A-8D77-42300803E9EC}.Release|Windows-ARM.ActiveCfg = Release|Any CPU
		{86226542-9356-4F8A-8D77-42300803E9EC}.Release|Windows-ARM.Build.0 = Release|Any CPU
		{86226542-9356-4F8A-8D77-42300803E9EC}.Release|Windows-x64.ActiveCfg = Release|Any CPU
		{86226542-9356-4F8A-8D77-42300803E9EC}.Release|Windows-x64.Build.0 = Release|Any CPU
		{86226542-9356-4F8A-8D77-42300803E9EC}.Release|Windows-x86.ActiveCfg = Release|Any CPU
		{86226542-9356-4F8A-8D77-42300803E9EC}.Release|Windows-x86.Build.0 = Release|Any CPU
		{86226542-9356-4F8A-8D77-42300803E9EC}.Release|x64.ActiveCfg = Release|Any CPU
		{86226542-9356-4F8A-8D77-42300803E9EC}.Release|x64.Build.0 = Release|Any CPU
		{86226542-9356-4F8A-8D77-42300803E9EC}.Release|x86.ActiveCfg = Release|Any CPU
		{86226542-9356-4F8A-8D77-42300803E9EC}.Release|x86.Build.0 = Release|Any CPU
	EndGlobalSection
	GlobalSection(SolutionProperties) = preSolution
		HideSolutionNode = FALSE
	EndGlobalSection
EndGlobal
